// !$*UTF8*$!
{
	archiveVersion = 1;
	classes = {
	};
	objectVersion = 56;
	objects = {

/* Begin PBXBuildFile section */
		5504BCD92AD207EE00CC2AC8 /* AppDelegate.swift in Sources */ = {isa = PBXBuildFile; fileRef = 5504BCD82AD207EE00CC2AC8 /* AppDelegate.swift */; };
		5504BCDB2AD207EE00CC2AC8 /* SceneDelegate.swift in Sources */ = {isa = PBXBuildFile; fileRef = 5504BCDA2AD207EE00CC2AC8 /* SceneDelegate.swift */; };
		5504BCDD2AD207EE00CC2AC8 /* OnboardingViewController.swift in Sources */ = {isa = PBXBuildFile; fileRef = 5504BCDC2AD207EE00CC2AC8 /* OnboardingViewController.swift */; };
		5504BCE02AD207EE00CC2AC8 /* Main.storyboard in Resources */ = {isa = PBXBuildFile; fileRef = 5504BCDE2AD207EE00CC2AC8 /* Main.storyboard */; };
		5504BCE22AD207EF00CC2AC8 /* Assets.xcassets in Resources */ = {isa = PBXBuildFile; fileRef = 5504BCE12AD207EF00CC2AC8 /* Assets.xcassets */; };
		5504BCE52AD207EF00CC2AC8 /* LaunchScreen.storyboard in Resources */ = {isa = PBXBuildFile; fileRef = 5504BCE32AD207EF00CC2AC8 /* LaunchScreen.storyboard */; };
		55242B902AD4990000EC8DCD /* OnboardingData.swift in Sources */ = {isa = PBXBuildFile; fileRef = 55242B8F2AD4990000EC8DCD /* OnboardingData.swift */; };
		553FE2A22AF209E3009F0AF4 /* GGViewController.swift in Sources */ = {isa = PBXBuildFile; fileRef = 553FE2A12AF209E3009F0AF4 /* GGViewController.swift */; };
		553FE2A42AF20C74009F0AF4 /* SettingsViewController.swift in Sources */ = {isa = PBXBuildFile; fileRef = 553FE2A32AF20C74009F0AF4 /* SettingsViewController.swift */; };
		553FE2A62AF20D1F009F0AF4 /* MainTabBarController.swift in Sources */ = {isa = PBXBuildFile; fileRef = 553FE2A52AF20D1F009F0AF4 /* MainTabBarController.swift */; };
		553FE2A82AF3683D009F0AF4 /* LeaderboardViewController.swift in Sources */ = {isa = PBXBuildFile; fileRef = 553FE2A72AF3683D009F0AF4 /* LeaderboardViewController.swift */; };
		553FE2AB2AF36AF7009F0AF4 /* ConstrainedButton.swift in Sources */ = {isa = PBXBuildFile; fileRef = 553FE2AA2AF36AF7009F0AF4 /* ConstrainedButton.swift */; };
		553FE2AD2AF3EAB2009F0AF4 /* FigmaMeta.swift in Sources */ = {isa = PBXBuildFile; fileRef = 553FE2AC2AF3EAB2009F0AF4 /* FigmaMeta.swift */; };
		55FA98492AD220890062566C /* CustomPageViewController.swift in Sources */ = {isa = PBXBuildFile; fileRef = 55FA98482AD220890062566C /* CustomPageViewController.swift */; };
		55FA984F2AD410A50062566C /* DataViewController.swift in Sources */ = {isa = PBXBuildFile; fileRef = 55FA984E2AD410A50062566C /* DataViewController.swift */; };
		55FFE8752ADC687B00078114 /* CircleProgressVIew.swift in Sources */ = {isa = PBXBuildFile; fileRef = 55FFE8742ADC687B00078114 /* CircleProgressVIew.swift */; };
/* End PBXBuildFile section */

/* Begin PBXFileReference section */
		5504BCD52AD207EE00CC2AC8 /* Igrulya.app */ = {isa = PBXFileReference; explicitFileType = wrapper.application; includeInIndex = 0; path = Igrulya.app; sourceTree = BUILT_PRODUCTS_DIR; };
		5504BCD82AD207EE00CC2AC8 /* AppDelegate.swift */ = {isa = PBXFileReference; lastKnownFileType = sourcecode.swift; path = AppDelegate.swift; sourceTree = "<group>"; };
		5504BCDA2AD207EE00CC2AC8 /* SceneDelegate.swift */ = {isa = PBXFileReference; lastKnownFileType = sourcecode.swift; path = SceneDelegate.swift; sourceTree = "<group>"; };
		5504BCDC2AD207EE00CC2AC8 /* OnboardingViewController.swift */ = {isa = PBXFileReference; lastKnownFileType = sourcecode.swift; path = OnboardingViewController.swift; sourceTree = "<group>"; };
		5504BCDF2AD207EE00CC2AC8 /* Base */ = {isa = PBXFileReference; lastKnownFileType = file.storyboard; name = Base; path = Base.lproj/Main.storyboard; sourceTree = "<group>"; };
		5504BCE12AD207EF00CC2AC8 /* Assets.xcassets */ = {isa = PBXFileReference; lastKnownFileType = folder.assetcatalog; path = Assets.xcassets; sourceTree = "<group>"; };
		5504BCE42AD207EF00CC2AC8 /* Base */ = {isa = PBXFileReference; lastKnownFileType = file.storyboard; name = Base; path = Base.lproj/LaunchScreen.storyboard; sourceTree = "<group>"; };
		5504BCE62AD207EF00CC2AC8 /* Info.plist */ = {isa = PBXFileReference; lastKnownFileType = text.plist.xml; path = Info.plist; sourceTree = "<group>"; };
		55242B8F2AD4990000EC8DCD /* OnboardingData.swift */ = {isa = PBXFileReference; lastKnownFileType = sourcecode.swift; path = OnboardingData.swift; sourceTree = "<group>"; };
		553FE2A12AF209E3009F0AF4 /* GGViewController.swift */ = {isa = PBXFileReference; lastKnownFileType = sourcecode.swift; path = GGViewController.swift; sourceTree = "<group>"; };
		553FE2A32AF20C74009F0AF4 /* SettingsViewController.swift */ = {isa = PBXFileReference; lastKnownFileType = sourcecode.swift; path = SettingsViewController.swift; sourceTree = "<group>"; };
		553FE2A52AF20D1F009F0AF4 /* MainTabBarController.swift */ = {isa = PBXFileReference; lastKnownFileType = sourcecode.swift; path = MainTabBarController.swift; sourceTree = "<group>"; };
		553FE2A72AF3683D009F0AF4 /* LeaderboardViewController.swift */ = {isa = PBXFileReference; lastKnownFileType = sourcecode.swift; path = LeaderboardViewController.swift; sourceTree = "<group>"; };
		553FE2AA2AF36AF7009F0AF4 /* ConstrainedButton.swift */ = {isa = PBXFileReference; lastKnownFileType = sourcecode.swift; path = ConstrainedButton.swift; sourceTree = "<group>"; };
		553FE2AC2AF3EAB2009F0AF4 /* FigmaMeta.swift */ = {isa = PBXFileReference; lastKnownFileType = sourcecode.swift; path = FigmaMeta.swift; sourceTree = "<group>"; };
		55FA98482AD220890062566C /* CustomPageViewController.swift */ = {isa = PBXFileReference; lastKnownFileType = sourcecode.swift; path = CustomPageViewController.swift; sourceTree = "<group>"; };
		55FA984E2AD410A50062566C /* DataViewController.swift */ = {isa = PBXFileReference; lastKnownFileType = sourcecode.swift; path = DataViewController.swift; sourceTree = "<group>"; };
		55FFE8742ADC687B00078114 /* CircleProgressVIew.swift */ = {isa = PBXFileReference; lastKnownFileType = sourcecode.swift; path = CircleProgressVIew.swift; sourceTree = "<group>"; };
/* End PBXFileReference section */

/* Begin PBXFrameworksBuildPhase section */
		5504BCD22AD207EE00CC2AC8 /* Frameworks */ = {
			isa = PBXFrameworksBuildPhase;
			buildActionMask = 2147483647;
			files = (
			);
			runOnlyForDeploymentPostprocessing = 0;
		};
/* End PBXFrameworksBuildPhase section */

/* Begin PBXGroup section */
		5504BCCC2AD207EE00CC2AC8 = {
			isa = PBXGroup;
			children = (
				5504BCD72AD207EE00CC2AC8 /* Igrulya */,
				5504BCD62AD207EE00CC2AC8 /* Products */,
			);
			sourceTree = "<group>";
		};
		5504BCD62AD207EE00CC2AC8 /* Products */ = {
			isa = PBXGroup;
			children = (
				5504BCD52AD207EE00CC2AC8 /* Igrulya.app */,
			);
			name = Products;
			sourceTree = "<group>";
		};
		5504BCD72AD207EE00CC2AC8 /* Igrulya */ = {
			isa = PBXGroup;
			children = (
				553FE2A92AF36AD8009F0AF4 /* Misc */,
				553FE29C2AF03F59009F0AF4 /* Main */,
				553FE29B2AF038E4009F0AF4 /* Onboarding */,
				5504BCD82AD207EE00CC2AC8 /* AppDelegate.swift */,
				5504BCDA2AD207EE00CC2AC8 /* SceneDelegate.swift */,
				5504BCDE2AD207EE00CC2AC8 /* Main.storyboard */,
				5504BCE12AD207EF00CC2AC8 /* Assets.xcassets */,
				5504BCE32AD207EF00CC2AC8 /* LaunchScreen.storyboard */,
				5504BCE62AD207EF00CC2AC8 /* Info.plist */,
			);
			path = Igrulya;
			sourceTree = "<group>";
		};
		553FE29B2AF038E4009F0AF4 /* Onboarding */ = {
			isa = PBXGroup;
			children = (
				55FA98482AD220890062566C /* CustomPageViewController.swift */,
				55FA984E2AD410A50062566C /* DataViewController.swift */,
				5504BCDC2AD207EE00CC2AC8 /* OnboardingViewController.swift */,
				55242B8F2AD4990000EC8DCD /* OnboardingData.swift */,
			);
			path = Onboarding;
			sourceTree = "<group>";
		};
		553FE29C2AF03F59009F0AF4 /* Main */ = {
			isa = PBXGroup;
			children = (
				553FE2A12AF209E3009F0AF4 /* GGViewController.swift */,
				553FE2A32AF20C74009F0AF4 /* SettingsViewController.swift */,
				553FE2A52AF20D1F009F0AF4 /* MainTabBarController.swift */,
				553FE2A72AF3683D009F0AF4 /* LeaderboardViewController.swift */,
			);
			path = Main;
			sourceTree = "<group>";
		};
		553FE2A92AF36AD8009F0AF4 /* Misc */ = {
			isa = PBXGroup;
			children = (
				553FE2AA2AF36AF7009F0AF4 /* ConstrainedButton.swift */,
				553FE2AC2AF3EAB2009F0AF4 /* FigmaMeta.swift */,
				55FFE8742ADC687B00078114 /* CircleProgressVIew.swift */,
			);
			path = Misc;
			sourceTree = "<group>";
		};
/* End PBXGroup section */

/* Begin PBXNativeTarget section */
		5504BCD42AD207EE00CC2AC8 /* Igrulya */ = {
			isa = PBXNativeTarget;
			buildConfigurationList = 5504BCE92AD207EF00CC2AC8 /* Build configuration list for PBXNativeTarget "Igrulya" */;
			buildPhases = (
				5504BCD12AD207EE00CC2AC8 /* Sources */,
				5504BCD22AD207EE00CC2AC8 /* Frameworks */,
				5504BCD32AD207EE00CC2AC8 /* Resources */,
				5504BCEC2AD20E5700CC2AC8 /* SwiftFormat */,
			);
			buildRules = (
			);
			dependencies = (
			);
			name = Igrulya;
			productName = Igrulya;
			productReference = 5504BCD52AD207EE00CC2AC8 /* Igrulya.app */;
			productType = "com.apple.product-type.application";
		};
/* End PBXNativeTarget section */

/* Begin PBXProject section */
		5504BCCD2AD207EE00CC2AC8 /* Project object */ = {
			isa = PBXProject;
			attributes = {
				BuildIndependentTargetsInParallel = 1;
				LastSwiftUpdateCheck = 1430;
				LastUpgradeCheck = 1430;
				TargetAttributes = {
					5504BCD42AD207EE00CC2AC8 = {
						CreatedOnToolsVersion = 14.3.1;
						LastSwiftMigration = 1430;
					};
				};
			};
			buildConfigurationList = 5504BCD02AD207EE00CC2AC8 /* Build configuration list for PBXProject "Igrulya" */;
			compatibilityVersion = "Xcode 14.0";
			developmentRegion = en;
			hasScannedForEncodings = 0;
			knownRegions = (
				en,
				Base,
			);
			mainGroup = 5504BCCC2AD207EE00CC2AC8;
			productRefGroup = 5504BCD62AD207EE00CC2AC8 /* Products */;
			projectDirPath = "";
			projectRoot = "";
			targets = (
				5504BCD42AD207EE00CC2AC8 /* Igrulya */,
			);
		};
/* End PBXProject section */

/* Begin PBXResourcesBuildPhase section */
		5504BCD32AD207EE00CC2AC8 /* Resources */ = {
			isa = PBXResourcesBuildPhase;
			buildActionMask = 2147483647;
			files = (
				5504BCE52AD207EF00CC2AC8 /* LaunchScreen.storyboard in Resources */,
				5504BCE22AD207EF00CC2AC8 /* Assets.xcassets in Resources */,
				5504BCE02AD207EE00CC2AC8 /* Main.storyboard in Resources */,
			);
			runOnlyForDeploymentPostprocessing = 0;
		};
/* End PBXResourcesBuildPhase section */

/* Begin PBXShellScriptBuildPhase section */
		5504BCEC2AD20E5700CC2AC8 /* SwiftFormat */ = {
			isa = PBXShellScriptBuildPhase;
			buildActionMask = 2147483647;
			files = (
			);
			inputFileListPaths = (
			);
			inputPaths = (
			);
			name = SwiftFormat;
			outputFileListPaths = (
			);
			outputPaths = (
			);
			runOnlyForDeploymentPostprocessing = 0;
			shellPath = /bin/sh;
			shellScript = "export PATH=\"$PATH:/opt/homebrew/bin\"\nif which swiftformat >/dev/null; then\n  swiftformat . ;\n  echo \"GREAT\"\nelse\n  echo \"warning: SwiftFormat not installed, download from https://github.com/nicklockwood/SwiftFormat\"\nfi  \n";
		};
/* End PBXShellScriptBuildPhase section */

/* Begin PBXSourcesBuildPhase section */
		5504BCD12AD207EE00CC2AC8 /* Sources */ = {
			isa = PBXSourcesBuildPhase;
			buildActionMask = 2147483647;
			files = (
				55242B902AD4990000EC8DCD /* OnboardingData.swift in Sources */,
				5504BCDD2AD207EE00CC2AC8 /* OnboardingViewController.swift in Sources */,
				553FE2A62AF20D1F009F0AF4 /* MainTabBarController.swift in Sources */,
				5504BCD92AD207EE00CC2AC8 /* AppDelegate.swift in Sources */,
				55FFE8752ADC687B00078114 /* CircleProgressVIew.swift in Sources */,
				55FA984F2AD410A50062566C /* DataViewController.swift in Sources */,
				5504BCDB2AD207EE00CC2AC8 /* SceneDelegate.swift in Sources */,
				553FE2A22AF209E3009F0AF4 /* GGViewController.swift in Sources */,
				553FE2AB2AF36AF7009F0AF4 /* ConstrainedButton.swift in Sources */,
				553FE2A82AF3683D009F0AF4 /* LeaderboardViewController.swift in Sources */,
				553FE2AD2AF3EAB2009F0AF4 /* FigmaMeta.swift in Sources */,
				55FA98492AD220890062566C /* CustomPageViewController.swift in Sources */,
				553FE2A42AF20C74009F0AF4 /* SettingsViewController.swift in Sources */,
			);
			runOnlyForDeploymentPostprocessing = 0;
		};
/* End PBXSourcesBuildPhase section */

/* Begin PBXVariantGroup section */
		5504BCDE2AD207EE00CC2AC8 /* Main.storyboard */ = {
			isa = PBXVariantGroup;
			children = (
				5504BCDF2AD207EE00CC2AC8 /* Base */,
			);
			name = Main.storyboard;
			sourceTree = "<group>";
		};
		5504BCE32AD207EF00CC2AC8 /* LaunchScreen.storyboard */ = {
			isa = PBXVariantGroup;
			children = (
				5504BCE42AD207EF00CC2AC8 /* Base */,
			);
			name = LaunchScreen.storyboard;
			sourceTree = "<group>";
		};
/* End PBXVariantGroup section */

/* Begin XCBuildConfiguration section */
		5504BCE72AD207EF00CC2AC8 /* Debug */ = {
			isa = XCBuildConfiguration;
			buildSettings = {
				ALWAYS_SEARCH_USER_PATHS = NO;
				CLANG_ANALYZER_NONNULL = YES;
				CLANG_ANALYZER_NUMBER_OBJECT_CONVERSION = YES_AGGRESSIVE;
				CLANG_CXX_LANGUAGE_STANDARD = "gnu++20";
				CLANG_ENABLE_MODULES = YES;
				CLANG_ENABLE_OBJC_ARC = YES;
				CLANG_ENABLE_OBJC_WEAK = YES;
				CLANG_WARN_BLOCK_CAPTURE_AUTORELEASING = YES;
				CLANG_WARN_BOOL_CONVERSION = YES;
				CLANG_WARN_COMMA = YES;
				CLANG_WARN_CONSTANT_CONVERSION = YES;
				CLANG_WARN_DEPRECATED_OBJC_IMPLEMENTATIONS = YES;
				CLANG_WARN_DIRECT_OBJC_ISA_USAGE = YES_ERROR;
				CLANG_WARN_DOCUMENTATION_COMMENTS = YES;
				CLANG_WARN_EMPTY_BODY = YES;
				CLANG_WARN_ENUM_CONVERSION = YES;
				CLANG_WARN_INFINITE_RECURSION = YES;
				CLANG_WARN_INT_CONVERSION = YES;
				CLANG_WARN_NON_LITERAL_NULL_CONVERSION = YES;
				CLANG_WARN_OBJC_IMPLICIT_RETAIN_SELF = YES;
				CLANG_WARN_OBJC_LITERAL_CONVERSION = YES;
				CLANG_WARN_OBJC_ROOT_CLASS = YES_ERROR;
				CLANG_WARN_QUOTED_INCLUDE_IN_FRAMEWORK_HEADER = YES;
				CLANG_WARN_RANGE_LOOP_ANALYSIS = YES;
				CLANG_WARN_STRICT_PROTOTYPES = YES;
				CLANG_WARN_SUSPICIOUS_MOVE = YES;
				CLANG_WARN_UNGUARDED_AVAILABILITY = YES_AGGRESSIVE;
				CLANG_WARN_UNREACHABLE_CODE = YES;
				CLANG_WARN__DUPLICATE_METHOD_MATCH = YES;
				COPY_PHASE_STRIP = NO;
				DEBUG_INFORMATION_FORMAT = dwarf;
				ENABLE_STRICT_OBJC_MSGSEND = YES;
				ENABLE_TESTABILITY = YES;
				GCC_C_LANGUAGE_STANDARD = gnu11;
				GCC_DYNAMIC_NO_PIC = NO;
				GCC_NO_COMMON_BLOCKS = YES;
				GCC_OPTIMIZATION_LEVEL = 0;
				GCC_PREPROCESSOR_DEFINITIONS = (
					"DEBUG=1",
					"$(inherited)",
				);
				GCC_WARN_64_TO_32_BIT_CONVERSION = YES;
				GCC_WARN_ABOUT_RETURN_TYPE = YES_ERROR;
				GCC_WARN_UNDECLARED_SELECTOR = YES;
				GCC_WARN_UNINITIALIZED_AUTOS = YES_AGGRESSIVE;
				GCC_WARN_UNUSED_FUNCTION = YES;
				GCC_WARN_UNUSED_VARIABLE = YES;
				IPHONEOS_DEPLOYMENT_TARGET = 16.4;
				MTL_ENABLE_DEBUG_INFO = INCLUDE_SOURCE;
				MTL_FAST_MATH = YES;
				ONLY_ACTIVE_ARCH = YES;
				SDKROOT = iphoneos;
				SWIFT_ACTIVE_COMPILATION_CONDITIONS = DEBUG;
				SWIFT_OPTIMIZATION_LEVEL = "-Onone";
			};
			name = Debug;
		};
		5504BCE82AD207EF00CC2AC8 /* Release */ = {
			isa = XCBuildConfiguration;
			buildSettings = {
				ALWAYS_SEARCH_USER_PATHS = NO;
				CLANG_ANALYZER_NONNULL = YES;
				CLANG_ANALYZER_NUMBER_OBJECT_CONVERSION = YES_AGGRESSIVE;
				CLANG_CXX_LANGUAGE_STANDARD = "gnu++20";
				CLANG_ENABLE_MODULES = YES;
				CLANG_ENABLE_OBJC_ARC = YES;
				CLANG_ENABLE_OBJC_WEAK = YES;
				CLANG_WARN_BLOCK_CAPTURE_AUTORELEASING = YES;
				CLANG_WARN_BOOL_CONVERSION = YES;
				CLANG_WARN_COMMA = YES;
				CLANG_WARN_CONSTANT_CONVERSION = YES;
				CLANG_WARN_DEPRECATED_OBJC_IMPLEMENTATIONS = YES;
				CLANG_WARN_DIRECT_OBJC_ISA_USAGE = YES_ERROR;
				CLANG_WARN_DOCUMENTATION_COMMENTS = YES;
				CLANG_WARN_EMPTY_BODY = YES;
				CLANG_WARN_ENUM_CONVERSION = YES;
				CLANG_WARN_INFINITE_RECURSION = YES;
				CLANG_WARN_INT_CONVERSION = YES;
				CLANG_WARN_NON_LITERAL_NULL_CONVERSION = YES;
				CLANG_WARN_OBJC_IMPLICIT_RETAIN_SELF = YES;
				CLANG_WARN_OBJC_LITERAL_CONVERSION = YES;
				CLANG_WARN_OBJC_ROOT_CLASS = YES_ERROR;
				CLANG_WARN_QUOTED_INCLUDE_IN_FRAMEWORK_HEADER = YES;
				CLANG_WARN_RANGE_LOOP_ANALYSIS = YES;
				CLANG_WARN_STRICT_PROTOTYPES = YES;
				CLANG_WARN_SUSPICIOUS_MOVE = YES;
				CLANG_WARN_UNGUARDED_AVAILABILITY = YES_AGGRESSIVE;
				CLANG_WARN_UNREACHABLE_CODE = YES;
				CLANG_WARN__DUPLICATE_METHOD_MATCH = YES;
				COPY_PHASE_STRIP = NO;
				DEBUG_INFORMATION_FORMAT = "dwarf-with-dsym";
				ENABLE_NS_ASSERTIONS = NO;
				ENABLE_STRICT_OBJC_MSGSEND = YES;
				GCC_C_LANGUAGE_STANDARD = gnu11;
				GCC_NO_COMMON_BLOCKS = YES;
				GCC_WARN_64_TO_32_BIT_CONVERSION = YES;
				GCC_WARN_ABOUT_RETURN_TYPE = YES_ERROR;
				GCC_WARN_UNDECLARED_SELECTOR = YES;
				GCC_WARN_UNINITIALIZED_AUTOS = YES_AGGRESSIVE;
				GCC_WARN_UNUSED_FUNCTION = YES;
				GCC_WARN_UNUSED_VARIABLE = YES;
				IPHONEOS_DEPLOYMENT_TARGET = 16.4;
				MTL_ENABLE_DEBUG_INFO = NO;
				MTL_FAST_MATH = YES;
				SDKROOT = iphoneos;
				SWIFT_COMPILATION_MODE = wholemodule;
				SWIFT_OPTIMIZATION_LEVEL = "-O";
				VALIDATE_PRODUCT = YES;
			};
			name = Release;
		};
		5504BCEA2AD207EF00CC2AC8 /* Debug */ = {
			isa = XCBuildConfiguration;
			buildSettings = {
				ASSETCATALOG_COMPILER_APPICON_NAME = AppIcon;
				ASSETCATALOG_COMPILER_GLOBAL_ACCENT_COLOR_NAME = AccentColor;
				CLANG_ENABLE_MODULES = YES;
				CODE_SIGN_STYLE = Automatic;
				CURRENT_PROJECT_VERSION = 1;
				GENERATE_INFOPLIST_FILE = YES;
				INFOPLIST_FILE = Igrulya/Info.plist;
				INFOPLIST_KEY_UIApplicationSupportsIndirectInputEvents = YES;
				INFOPLIST_KEY_UILaunchStoryboardName = LaunchScreen;
				INFOPLIST_KEY_UIMainStoryboardFile = Main;
				INFOPLIST_KEY_UISupportedInterfaceOrientations = UIInterfaceOrientationPortrait;
				INFOPLIST_KEY_UISupportedInterfaceOrientations_iPad = "UIInterfaceOrientationLandscapeLeft UIInterfaceOrientationLandscapeRight UIInterfaceOrientationPortrait UIInterfaceOrientationPortraitUpsideDown";
				LD_RUNPATH_SEARCH_PATHS = (
					"$(inherited)",
					"@executable_path/Frameworks",
				);
				MARKETING_VERSION = 1.0;
				PRODUCT_BUNDLE_IDENTIFIER = GoGuess.Igrulya;
				PRODUCT_NAME = "$(TARGET_NAME)";
				SUPPORTED_PLATFORMS = "iphoneos iphonesimulator";
				SUPPORTS_MACCATALYST = NO;
				SUPPORTS_MAC_DESIGNED_FOR_IPHONE_IPAD = NO;
				SWIFT_EMIT_LOC_STRINGS = YES;
				SWIFT_OPTIMIZATION_LEVEL = "-Onone";
				SWIFT_VERSION = 5.0;
				TARGETED_DEVICE_FAMILY = 1;
			};
			name = Debug;
		};
		5504BCEB2AD207EF00CC2AC8 /* Release */ = {
			isa = XCBuildConfiguration;
			buildSettings = {
				ASSETCATALOG_COMPILER_APPICON_NAME = AppIcon;
				ASSETCATALOG_COMPILER_GLOBAL_ACCENT_COLOR_NAME = AccentColor;
				CLANG_ENABLE_MODULES = YES;
				CODE_SIGN_STYLE = Automatic;
				CURRENT_PROJECT_VERSION = 1;
				GENERATE_INFOPLIST_FILE = YES;
				INFOPLIST_FILE = Igrulya/Info.plist;
				INFOPLIST_KEY_UIApplicationSupportsIndirectInputEvents = YES;
				INFOPLIST_KEY_UILaunchStoryboardName = LaunchScreen;
				INFOPLIST_KEY_UIMainStoryboardFile = Main;
				INFOPLIST_KEY_UISupportedInterfaceOrientations = UIInterfaceOrientationPortrait;
				INFOPLIST_KEY_UISupportedInterfaceOrientations_iPad = "UIInterfaceOrientationLandscapeLeft UIInterfaceOrientationLandscapeRight UIInterfaceOrientationPortrait UIInterfaceOrientationPortraitUpsideDown";
				LD_RUNPATH_SEARCH_PATHS = (
					"$(inherited)",
					"@executable_path/Frameworks",
				);
				MARKETING_VERSION = 1.0;
				PRODUCT_BUNDLE_IDENTIFIER = GoGuess.Igrulya;
				PRODUCT_NAME = "$(TARGET_NAME)";
				SUPPORTED_PLATFORMS = "iphoneos iphonesimulator";
				SUPPORTS_MACCATALYST = NO;
				SUPPORTS_MAC_DESIGNED_FOR_IPHONE_IPAD = NO;
				SWIFT_EMIT_LOC_STRINGS = YES;
				SWIFT_VERSION = 5.0;
				TARGETED_DEVICE_FAMILY = 1;
			};
			name = Release;
		};
/* End XCBuildConfiguration section */

/* Begin XCConfigurationList section */
		5504BCD02AD207EE00CC2AC8 /* Build configuration list for PBXProject "Igrulya" */ = {
			isa = XCConfigurationList;
			buildConfigurations = (
				5504BCE72AD207EF00CC2AC8 /* Debug */,
				5504BCE82AD207EF00CC2AC8 /* Release */,
			);
			defaultConfigurationIsVisible = 0;
			defaultConfigurationName = Release;
		};
		5504BCE92AD207EF00CC2AC8 /* Build configuration list for PBXNativeTarget "Igrulya" */ = {
			isa = XCConfigurationList;
			buildConfigurations = (
				5504BCEA2AD207EF00CC2AC8 /* Debug */,
				5504BCEB2AD207EF00CC2AC8 /* Release */,
			);
			defaultConfigurationIsVisible = 0;
			defaultConfigurationName = Release;
		};
/* End XCConfigurationList section */
	};
	rootObject = 5504BCCD2AD207EE00CC2AC8 /* Project object */;
}
